
Microsoft Visual Studio Solution File, Format Version 12.00
# Visual Studio 15
VisualStudioVersion = 15.0.27004.2005
MinimumVisualStudioVersion = 10.0.40219.1
Project("{FAE04EC0-301F-11D3-BF4B-00C04F79EFBC}") = "PlayVideoDemo.Android", "PlayVideoDemo\PlayVideoDemo.Android\PlayVideoDemo.Android.csproj", "{16F2E79A-F189-443F-AEB3-0384279A45DC}"
EndProject
Project("{FAE04EC0-301F-11D3-BF4B-00C04F79EFBC}") = "PlayVideoDemo", "PlayVideoDemo\PlayVideoDemo\PlayVideoDemo.csproj", "{20840417-E709-42D2-964C-FBE63D4F4DB9}"
EndProject
Project("{FAE04EC0-301F-11D3-BF4B-00C04F79EFBC}") = "PlayVideoDemo.UWP", "PlayVideoDemo\PlayVideoDemo.UWP\PlayVideoDemo.UWP.csproj", "{15FED743-CC3C-46B8-83D9-5BCB61161069}"
EndProject
Project("{FAE04EC0-301F-11D3-BF4B-00C04F79EFBC}") = "PlayVideoDemo.iOS", "PlayVideoDemo\PlayVideoDemo.iOS\PlayVideoDemo.iOS.csproj", "{44DA539D-D8B0-4C31-8F3E-731C97A84CF3}"
EndProject
Global
	GlobalSection(SolutionConfigurationPlatforms) = preSolution
		Ad-Hoc|Any CPU = Ad-Hoc|Any CPU
		Ad-Hoc|ARM = Ad-Hoc|ARM
		Ad-Hoc|iPhone = Ad-Hoc|iPhone
		Ad-Hoc|iPhoneSimulator = Ad-Hoc|iPhoneSimulator
		Ad-Hoc|x64 = Ad-Hoc|x64
		Ad-Hoc|x86 = Ad-Hoc|x86
		AppStore|Any CPU = AppStore|Any CPU
		AppStore|ARM = AppStore|ARM
		AppStore|iPhone = AppStore|iPhone
		AppStore|iPhoneSimulator = AppStore|iPhoneSimulator
		AppStore|x64 = AppStore|x64
		AppStore|x86 = AppStore|x86
		Debug|Any CPU = Debug|Any CPU
		Debug|ARM = Debug|ARM
		Debug|iPhone = Debug|iPhone
		Debug|iPhoneSimulator = Debug|iPhoneSimulator
		Debug|x64 = Debug|x64
		Debug|x86 = Debug|x86
		Release|Any CPU = Release|Any CPU
		Release|ARM = Release|ARM
		Release|iPhone = Release|iPhone
		Release|iPhoneSimulator = Release|iPhoneSimulator
		Release|x64 = Release|x64
		Release|x86 = Release|x86
	EndGlobalSection
	GlobalSection(ProjectConfigurationPlatforms) = postSolution
		{16F2E79A-F189-443F-AEB3-0384279A45DC}.Ad-Hoc|Any CPU.ActiveCfg = Release|Any CPU
		{16F2E79A-F189-443F-AEB3-0384279A45DC}.Ad-Hoc|Any CPU.Build.0 = Release|Any CPU
		{16F2E79A-F189-443F-AEB3-0384279A45DC}.Ad-Hoc|Any CPU.Deploy.0 = Release|Any CPU
		{16F2E79A-F189-443F-AEB3-0384279A45DC}.Ad-Hoc|ARM.ActiveCfg = Release|Any CPU
		{16F2E79A-F189-443F-AEB3-0384279A45DC}.Ad-Hoc|ARM.Build.0 = Release|Any CPU
		{16F2E79A-F189-443F-AEB3-0384279A45DC}.Ad-Hoc|ARM.Deploy.0 = Release|Any CPU
		{16F2E79A-F189-443F-AEB3-0384279A45DC}.Ad-Hoc|iPhone.ActiveCfg = Release|Any CPU
		{16F2E79A-F189-443F-AEB3-0384279A45DC}.Ad-Hoc|iPhone.Build.0 = Release|Any CPU
		{16F2E79A-F189-443F-AEB3-0384279A45DC}.Ad-Hoc|iPhone.Deploy.0 = Release|Any CPU
		{16F2E79A-F189-443F-AEB3-0384279A45DC}.Ad-Hoc|iPhoneSimulator.ActiveCfg = Release|Any CPU
		{16F2E79A-F189-443F-AEB3-0384279A45DC}.Ad-Hoc|iPhoneSimulator.Build.0 = Release|Any CPU
		{16F2E79A-F189-443F-AEB3-0384279A45DC}.Ad-Hoc|iPhoneSimulator.Deploy.0 = Release|Any CPU
		{16F2E79A-F189-443F-AEB3-0384279A45DC}.Ad-Hoc|x64.ActiveCfg = Release|Any CPU
		{16F2E79A-F189-443F-AEB3-0384279A45DC}.Ad-Hoc|x64.Build.0 = Release|Any CPU
		{16F2E79A-F189-443F-AEB3-0384279A45DC}.Ad-Hoc|x64.Deploy.0 = Release|Any CPU
		{16F2E79A-F189-443F-AEB3-0384279A45DC}.Ad-Hoc|x86.ActiveCfg = Release|Any CPU
		{16F2E79A-F189-443F-AEB3-0384279A45DC}.Ad-Hoc|x86.Build.0 = Release|Any CPU
		{16F2E79A-F189-443F-AEB3-0384279A45DC}.Ad-Hoc|x86.Deploy.0 = Release|Any CPU
		{16F2E79A-F189-443F-AEB3-0384279A45DC}.AppStore|Any CPU.ActiveCfg = Release|Any CPU
		{16F2E79A-F189-443F-AEB3-0384279A45DC}.AppStore|Any CPU.Build.0 = Release|Any CPU
		{16F2E79A-F189-443F-AEB3-0384279A45DC}.AppStore|Any CPU.Deploy.0 = Release|Any CPU
		{16F2E79A-F189-443F-AEB3-0384279A45DC}.AppStore|ARM.ActiveCfg = Release|Any CPU
		{16F2E79A-F189-443F-AEB3-0384279A45DC}.AppStore|ARM.Build.0 = Release|Any CPU
		{16F2E79A-F189-443F-AEB3-0384279A45DC}.AppStore|ARM.Deploy.0 = Release|Any CPU
		{16F2E79A-F189-443F-AEB3-0384279A45DC}.AppStore|iPhone.ActiveCfg = Release|Any CPU
		{16F2E79A-F189-443F-AEB3-0384279A45DC}.AppStore|iPhone.Build.0 = Release|Any CPU
		{16F2E79A-F189-443F-AEB3-0384279A45DC}.AppStore|iPhone.Deploy.0 = Release|Any CPU
		{16F2E79A-F189-443F-AEB3-0384279A45DC}.AppStore|iPhoneSimulator.ActiveCfg = Release|Any CPU
		{16F2E79A-F189-443F-AEB3-0384279A45DC}.AppStore|iPhoneSimulator.Build.0 = Release|Any CPU
		{16F2E79A-F189-443F-AEB3-0384279A45DC}.AppStore|iPhoneSimulator.Deploy.0 = Release|Any CPU
		{16F2E79A-F189-443F-AEB3-0384279A45DC}.AppStore|x64.ActiveCfg = Release|Any CPU
		{16F2E79A-F189-443F-AEB3-0384279A45DC}.AppStore|x64.Build.0 = Release|Any CPU
		{16F2E79A-F189-443F-AEB3-0384279A45DC}.AppStore|x64.Deploy.0 = Release|Any CPU
		{16F2E79A-F189-443F-AEB3-0384279A45DC}.AppStore|x86.ActiveCfg = Release|Any CPU
		{16F2E79A-F189-443F-AEB3-0384279A45DC}.AppStore|x86.Build.0 = Release|Any CPU
		{16F2E79A-F189-443F-AEB3-0384279A45DC}.AppStore|x86.Deploy.0 = Release|Any CPU
		{16F2E79A-F189-443F-AEB3-0384279A45DC}.Debug|Any CPU.ActiveCfg = Debug|Any CPU
		{16F2E79A-F189-443F-AEB3-0384279A45DC}.Debug|Any CPU.Build.0 = Debug|Any CPU
		{16F2E79A-F189-443F-AEB3-0384279A45DC}.Debug|Any CPU.Deploy.0 = Debug|Any CPU
		{16F2E79A-F189-443F-AEB3-0384279A45DC}.Debug|ARM.ActiveCfg = Debug|Any CPU
		{16F2E79A-F189-443F-AEB3-0384279A45DC}.Debug|ARM.Build.0 = Debug|Any CPU
		{16F2E79A-F189-443F-AEB3-0384279A45DC}.Debug|ARM.Deploy.0 = Debug|Any CPU
		{16F2E79A-F189-443F-AEB3-0384279A45DC}.Debug|iPhone.ActiveCfg = Debug|Any CPU
		{16F2E79A-F189-443F-AEB3-0384279A45DC}.Debug|iPhone.Build.0 = Debug|Any CPU
		{16F2E79A-F189-443F-AEB3-0384279A45DC}.Debug|iPhone.Deploy.0 = Debug|Any CPU
		{16F2E79A-F189-443F-AEB3-0384279A45DC}.Debug|iPhoneSimulator.ActiveCfg = Debug|Any CPU
		{16F2E79A-F189-443F-AEB3-0384279A45DC}.Debug|iPhoneSimulator.Build.0 = Debug|Any CPU
		{16F2E79A-F189-443F-AEB3-0384279A45DC}.Debug|iPhoneSimulator.Deploy.0 = Debug|Any CPU
		{16F2E79A-F189-443F-AEB3-0384279A45DC}.Debug|x64.ActiveCfg = Debug|Any CPU
		{16F2E79A-F189-443F-AEB3-0384279A45DC}.Debug|x64.Build.0 = Debug|Any CPU
		{16F2E79A-F189-443F-AEB3-0384279A45DC}.Debug|x64.Deploy.0 = Debug|Any CPU
		{16F2E79A-F189-443F-AEB3-0384279A45DC}.Debug|x86.ActiveCfg = Debug|Any CPU
		{16F2E79A-F189-443F-AEB3-0384279A45DC}.Debug|x86.Build.0 = Debug|Any CPU
		{16F2E79A-F189-443F-AEB3-0384279A45DC}.Debug|x86.Deploy.0 = Debug|Any CPU
		{16F2E79A-F189-443F-AEB3-0384279A45DC}.Release|Any CPU.ActiveCfg = Release|Any CPU
		{16F2E79A-F189-443F-AEB3-0384279A45DC}.Release|Any CPU.Build.0 = Release|Any CPU
		{16F2E79A-F189-443F-AEB3-0384279A45DC}.Release|Any CPU.Deploy.0 = Release|Any CPU
		{16F2E79A-F189-443F-AEB3-0384279A45DC}.Release|ARM.ActiveCfg = Release|Any CPU
		{16F2E79A-F189-443F-AEB3-0384279A45DC}.Release|ARM.Build.0 = Release|Any CPU
		{16F2E79A-F189-443F-AEB3-0384279A45DC}.Release|ARM.Deploy.0 = Release|Any CPU
		{16F2E79A-F189-443F-AEB3-0384279A45DC}.Release|iPhone.ActiveCfg = Release|Any CPU
		{16F2E79A-F189-443F-AEB3-0384279A45DC}.Release|iPhone.Build.0 = Release|Any CPU
		{16F2E79A-F189-443F-AEB3-0384279A45DC}.Release|iPhone.Deploy.0 = Release|Any CPU
		{16F2E79A-F189-443F-AEB3-0384279A45DC}.Release|iPhoneSimulator.ActiveCfg = Release|Any CPU
		{16F2E79A-F189-443F-AEB3-0384279A45DC}.Release|iPhoneSimulator.Build.0 = Release|Any CPU
		{16F2E79A-F189-443F-AEB3-0384279A45DC}.Release|iPhoneSimulator.Deploy.0 = Release|Any CPU
		{16F2E79A-F189-443F-AEB3-0384279A45DC}.Release|x64.ActiveCfg = Release|Any CPU
		{16F2E79A-F189-443F-AEB3-0384279A45DC}.Release|x64.Build.0 = Release|Any CPU
		{16F2E79A-F189-443F-AEB3-0384279A45DC}.Release|x64.Deploy.0 = Release|Any CPU
		{16F2E79A-F189-443F-AEB3-0384279A45DC}.Release|x86.ActiveCfg = Release|Any CPU
		{16F2E79A-F189-443F-AEB3-0384279A45DC}.Release|x86.Build.0 = Release|Any CPU
		{16F2E79A-F189-443F-AEB3-0384279A45DC}.Release|x86.Deploy.0 = Release|Any CPU
		{20840417-E709-42D2-964C-FBE63D4F4DB9}.Ad-Hoc|Any CPU.ActiveCfg = Release|Any CPU
		{20840417-E709-42D2-964C-FBE63D4F4DB9}.Ad-Hoc|Any CPU.Build.0 = Release|Any CPU
		{20840417-E709-42D2-964C-FBE63D4F4DB9}.Ad-Hoc|ARM.ActiveCfg = Release|Any CPU
		{20840417-E709-42D2-964C-FBE63D4F4DB9}.Ad-Hoc|ARM.Build.0 = Release|Any CPU
		{20840417-E709-42D2-964C-FBE63D4F4DB9}.Ad-Hoc|iPhone.ActiveCfg = Release|Any CPU
		{20840417-E709-42D2-964C-FBE63D4F4DB9}.Ad-Hoc|iPhone.Build.0 = Release|Any CPU
		{20840417-E709-42D2-964C-FBE63D4F4DB9}.Ad-Hoc|iPhoneSimulator.ActiveCfg = Release|Any CPU
		{20840417-E709-42D2-964C-FBE63D4F4DB9}.Ad-Hoc|iPhoneSimulator.Build.0 = Release|Any CPU
		{20840417-E709-42D2-964C-FBE63D4F4DB9}.Ad-Hoc|x64.ActiveCfg = Release|Any CPU
		{20840417-E709-42D2-964C-FBE63D4F4DB9}.Ad-Hoc|x64.Build.0 = Release|Any CPU
		{20840417-E709-42D2-964C-FBE63D4F4DB9}.Ad-Hoc|x86.ActiveCfg = Release|Any CPU
		{20840417-E709-42D2-964C-FBE63D4F4DB9}.Ad-Hoc|x86.Build.0 = Release|Any CPU
		{20840417-E709-42D2-964C-FBE63D4F4DB9}.AppStore|Any CPU.ActiveCfg = Release|Any CPU
		{20840417-E709-42D2-964C-FBE63D4F4DB9}.AppStore|Any CPU.Build.0 = Release|Any CPU
		{20840417-E709-42D2-964C-FBE63D4F4DB9}.AppStore|ARM.ActiveCfg = Release|Any CPU
		{20840417-E709-42D2-964C-FBE63D4F4DB9}.AppStore|ARM.Build.0 = Release|Any CPU
		{20840417-E709-42D2-964C-FBE63D4F4DB9}.AppStore|iPhone.ActiveCfg = Release|Any CPU
		{20840417-E709-42D2-964C-FBE63D4F4DB9}.AppStore|iPhone.Build.0 = Release|Any CPU
		{20840417-E709-42D2-964C-FBE63D4F4DB9}.AppStore|iPhoneSimulator.ActiveCfg = Release|Any CPU
		{20840417-E709-42D2-964C-FBE63D4F4DB9}.AppStore|iPhoneSimulator.Build.0 = Release|Any CPU
		{20840417-E709-42D2-964C-FBE63D4F4DB9}.AppStore|x64.ActiveCfg = Release|Any CPU
		{20840417-E709-42D2-964C-FBE63D4F4DB9}.AppStore|x64.Build.0 = Release|Any CPU
		{20840417-E709-42D2-964C-FBE63D4F4DB9}.AppStore|x86.ActiveCfg = Release|Any CPU
		{20840417-E709-42D2-964C-FBE63D4F4DB9}.AppStore|x86.Build.0 = Release|Any CPU
		{20840417-E709-42D2-964C-FBE63D4F4DB9}.Debug|Any CPU.ActiveCfg = Debug|Any CPU
		{20840417-E709-42D2-964C-FBE63D4F4DB9}.Debug|Any CPU.Build.0 = Debug|Any CPU
		{20840417-E709-42D2-964C-FBE63D4F4DB9}.Debug|ARM.ActiveCfg = Debug|Any CPU
		{20840417-E709-42D2-964C-FBE63D4F4DB9}.Debug|ARM.Build.0 = Debug|Any CPU
		{20840417-E709-42D2-964C-FBE63D4F4DB9}.Debug|iPhone.ActiveCfg = Debug|Any CPU
		{20840417-E709-42D2-964C-FBE63D4F4DB9}.Debug|iPhone.Build.0 = Debug|Any CPU
		{20840417-E709-42D2-964C-FBE63D4F4DB9}.Debug|iPhoneSimulator.ActiveCfg = Debug|Any CPU
		{20840417-E709-42D2-964C-FBE63D4F4DB9}.Debug|iPhoneSimulator.Build.0 = Debug|Any CPU
		{20840417-E709-42D2-964C-FBE63D4F4DB9}.Debug|x64.ActiveCfg = Debug|Any CPU
		{20840417-E709-42D2-964C-FBE63D4F4DB9}.Debug|x64.Build.0 = Debug|Any CPU
		{20840417-E709-42D2-964C-FBE63D4F4DB9}.Debug|x86.ActiveCfg = Debug|Any CPU
		{20840417-E709-42D2-964C-FBE63D4F4DB9}.Debug|x86.Build.0 = Debug|Any CPU
		{20840417-E709-42D2-964C-FBE63D4F4DB9}.Release|Any CPU.ActiveCfg = Release|Any CPU
		{20840417-E709-42D2-964C-FBE63D4F4DB9}.Release|Any CPU.Build.0 = Release|Any CPU
		{20840417-E709-42D2-964C-FBE63D4F4DB9}.Release|ARM.ActiveCfg = Release|Any CPU
		{20840417-E709-42D2-964C-FBE63D4F4DB9}.Release|ARM.Build.0 = Release|Any CPU
		{20840417-E709-42D2-964C-FBE63D4F4DB9}.Release|iPhone.ActiveCfg = Release|Any CPU
		{20840417-E709-42D2-964C-FBE63D4F4DB9}.Release|iPhone.Build.0 = Release|Any CPU
		{20840417-E709-42D2-964C-FBE63D4F4DB9}.Release|iPhoneSimulator.ActiveCfg = Release|Any CPU
		{20840417-E709-42D2-964C-FBE63D4F4DB9}.Release|iPhoneSimulator.Build.0 = Release|Any CPU
		{20840417-E709-42D2-964C-FBE63D4F4DB9}.Release|x64.ActiveCfg = Release|Any CPU
		{20840417-E709-42D2-964C-FBE63D4F4DB9}.Release|x64.Build.0 = Release|Any CPU
		{20840417-E709-42D2-964C-FBE63D4F4DB9}.Release|x86.ActiveCfg = Release|Any CPU
		{20840417-E709-42D2-964C-FBE63D4F4DB9}.Release|x86.Build.0 = Release|Any CPU
		{15FED743-CC3C-46B8-83D9-5BCB61161069}.Ad-Hoc|Any CPU.ActiveCfg = Release|x86
		{15FED743-CC3C-46B8-83D9-5BCB61161069}.Ad-Hoc|Any CPU.Build.0 = Release|x86
		{15FED743-CC3C-46B8-83D9-5BCB61161069}.Ad-Hoc|Any CPU.Deploy.0 = Release|x86
		{15FED743-CC3C-46B8-83D9-5BCB61161069}.Ad-Hoc|ARM.ActiveCfg = Release|ARM
		{15FED743-CC3C-46B8-83D9-5BCB61161069}.Ad-Hoc|ARM.Build.0 = Release|ARM
		{15FED743-CC3C-46B8-83D9-5BCB61161069}.Ad-Hoc|ARM.Deploy.0 = Release|ARM
		{15FED743-CC3C-46B8-83D9-5BCB61161069}.Ad-Hoc|iPhone.ActiveCfg = Release|x86
		{15FED743-CC3C-46B8-83D9-5BCB61161069}.Ad-Hoc|iPhone.Build.0 = Release|x86
		{15FED743-CC3C-46B8-83D9-5BCB61161069}.Ad-Hoc|iPhone.Deploy.0 = Release|x86
		{15FED743-CC3C-46B8-83D9-5BCB61161069}.Ad-Hoc|iPhoneSimulator.ActiveCfg = Release|x86
		{15FED743-CC3C-46B8-83D9-5BCB61161069}.Ad-Hoc|iPhoneSimulator.Build.0 = Release|x86
		{15FED743-CC3C-46B8-83D9-5BCB61161069}.Ad-Hoc|iPhoneSimulator.Deploy.0 = Release|x86
		{15FED743-CC3C-46B8-83D9-5BCB61161069}.Ad-Hoc|x64.ActiveCfg = Release|x64
		{15FED743-CC3C-46B8-83D9-5BCB61161069}.Ad-Hoc|x64.Build.0 = Release|x64
		{15FED743-CC3C-46B8-83D9-5BCB61161069}.Ad-Hoc|x64.Deploy.0 = Release|x64
		{15FED743-CC3C-46B8-83D9-5BCB61161069}.Ad-Hoc|x86.ActiveCfg = Release|x86
		{15FED743-CC3C-46B8-83D9-5BCB61161069}.Ad-Hoc|x86.Build.0 = Release|x86
		{15FED743-CC3C-46B8-83D9-5BCB61161069}.Ad-Hoc|x86.Deploy.0 = Release|x86
		{15FED743-CC3C-46B8-83D9-5BCB61161069}.AppStore|Any CPU.ActiveCfg = Release|x86
		{15FED743-CC3C-46B8-83D9-5BCB61161069}.AppStore|Any CPU.Build.0 = Release|x86
		{15FED743-CC3C-46B8-83D9-5BCB61161069}.AppStore|Any CPU.Deploy.0 = Release|x86
		{15FED743-CC3C-46B8-83D9-5BCB61161069}.AppStore|ARM.ActiveCfg = Release|ARM
		{15FED743-CC3C-46B8-83D9-5BCB61161069}.AppStore|ARM.Build.0 = Release|ARM
		{15FED743-CC3C-46B8-83D9-5BCB61161069}.AppStore|ARM.Deploy.0 = Release|ARM
		{15FED743-CC3C-46B8-83D9-5BCB61161069}.AppStore|iPhone.ActiveCfg = Release|x86
		{15FED743-CC3C-46B8-83D9-5BCB61161069}.AppStore|iPhone.Build.0 = Release|x86
		{15FED743-CC3C-46B8-83D9-5BCB61161069}.AppStore|iPhone.Deploy.0 = Release|x86
		{15FED743-CC3C-46B8-83D9-5BCB61161069}.AppStore|iPhoneSimulator.ActiveCfg = Release|x86
		{15FED743-CC3C-46B8-83D9-5BCB61161069}.AppStore|iPhoneSimulator.Build.0 = Release|x86
		{15FED743-CC3C-46B8-83D9-5BCB61161069}.AppStore|iPhoneSimulator.Deploy.0 = Release|x86
		{15FED743-CC3C-46B8-83D9-5BCB61161069}.AppStore|x64.ActiveCfg = Release|x64
		{15FED743-CC3C-46B8-83D9-5BCB61161069}.AppStore|x64.Build.0 = Release|x64
		{15FED743-CC3C-46B8-83D9-5BCB61161069}.AppStore|x64.Deploy.0 = Release|x64
		{15FED743-CC3C-46B8-83D9-5BCB61161069}.AppStore|x86.ActiveCfg = Release|x86
		{15FED743-CC3C-46B8-83D9-5BCB61161069}.AppStore|x86.Build.0 = Release|x86
		{15FED743-CC3C-46B8-83D9-5BCB61161069}.AppStore|x86.Deploy.0 = Release|x86
		{15FED743-CC3C-46B8-83D9-5BCB61161069}.Debug|Any CPU.ActiveCfg = Debug|x86
		{15FED743-CC3C-46B8-83D9-5BCB61161069}.Debug|ARM.ActiveCfg = Debug|ARM
		{15FED743-CC3C-46B8-83D9-5BCB61161069}.Debug|ARM.Build.0 = Debug|ARM
		{15FED743-CC3C-46B8-83D9-5BCB61161069}.Debug|ARM.Deploy.0 = Debug|ARM
		{15FED743-CC3C-46B8-83D9-5BCB61161069}.Debug|iPhone.ActiveCfg = Debug|x86
		{15FED743-CC3C-46B8-83D9-5BCB61161069}.Debug|iPhoneSimulator.ActiveCfg = Debug|x86
		{15FED743-CC3C-46B8-83D9-5BCB61161069}.Debug|x64.ActiveCfg = Debug|x64
		{15FED743-CC3C-46B8-83D9-5BCB61161069}.Debug|x64.Build.0 = Debug|x64
		{15FED743-CC3C-46B8-83D9-5BCB61161069}.Debug|x64.Deploy.0 = Debug|x64
		{15FED743-CC3C-46B8-83D9-5BCB61161069}.Debug|x86.ActiveCfg = Debug|x86
		{15FED743-CC3C-46B8-83D9-5BCB61161069}.Debug|x86.Build.0 = Debug|x86
		{15FED743-CC3C-46B8-83D9-5BCB61161069}.Debug|x86.Deploy.0 = Debug|x86
		{15FED743-CC3C-46B8-83D9-5BCB61161069}.Release|Any CPU.ActiveCfg = Release|x86
		{15FED743-CC3C-46B8-83D9-5BCB61161069}.Release|ARM.ActiveCfg = Release|ARM
		{15FED743-CC3C-46B8-83D9-5BCB61161069}.Release|ARM.Build.0 = Release|ARM
		{15FED743-CC3C-46B8-83D9-5BCB61161069}.Release|ARM.Deploy.0 = Release|ARM
		{15FED743-CC3C-46B8-83D9-5BCB61161069}.Release|iPhone.ActiveCfg = Release|x86
		{15FED743-CC3C-46B8-83D9-5BCB61161069}.Release|iPhoneSimulator.ActiveCfg = Release|x86
		{15FED743-CC3C-46B8-83D9-5BCB61161069}.Release|x64.ActiveCfg = Release|x64
		{15FED743-CC3C-46B8-83D9-5BCB61161069}.Release|x64.Build.0 = Release|x64
		{15FED743-CC3C-46B8-83D9-5BCB61161069}.Release|x64.Deploy.0 = Release|x64
		{15FED743-CC3C-46B8-83D9-5BCB61161069}.Release|x86.ActiveCfg = Release|x86
		{15FED743-CC3C-46B8-83D9-5BCB61161069}.Release|x86.Build.0 = Release|x86
		{15FED743-CC3C-46B8-83D9-5BCB61161069}.Release|x86.Deploy.0 = Release|x86
		{44DA539D-D8B0-4C31-8F3E-731C97A84CF3}.Ad-Hoc|Any CPU.ActiveCfg = Ad-Hoc|iPhoneSimulator
		{44DA539D-D8B0-4C31-8F3E-731C97A84CF3}.Ad-Hoc|ARM.ActiveCfg = Ad-Hoc|iPhone
		{44DA539D-D8B0-4C31-8F3E-731C97A84CF3}.Ad-Hoc|iPhone.ActiveCfg = Ad-Hoc|iPhone
		{44DA539D-D8B0-4C31-8F3E-731C97A84CF3}.Ad-Hoc|iPhone.Build.0 = Ad-Hoc|iPhone
		{44DA539D-D8B0-4C31-8F3E-731C97A84CF3}.Ad-Hoc|iPhoneSimulator.ActiveCfg = Ad-Hoc|iPhoneSimulator
		{44DA539D-D8B0-4C31-8F3E-731C97A84CF3}.Ad-Hoc|iPhoneSimulator.Build.0 = Ad-Hoc|iPhoneSimulator
		{44DA539D-D8B0-4C31-8F3E-731C97A84CF3}.Ad-Hoc|x64.ActiveCfg = Ad-Hoc|iPhone
		{44DA539D-D8B0-4C31-8F3E-731C97A84CF3}.Ad-Hoc|x86.ActiveCfg = Ad-Hoc|iPhone
		{44DA539D-D8B0-4C31-8F3E-731C97A84CF3}.AppStore|Any CPU.ActiveCfg = AppStore|iPhoneSimulator
		{44DA539D-D8B0-4C31-8F3E-731C97A84CF3}.AppStore|ARM.ActiveCfg = AppStore|iPhone
		{44DA539D-D8B0-4C31-8F3E-731C97A84CF3}.AppStore|iPhone.ActiveCfg = AppStore|iPhone
		{44DA539D-D8B0-4C31-8F3E-731C97A84CF3}.AppStore|iPhone.Build.0 = AppStore|iPhone
		{44DA539D-D8B0-4C31-8F3E-731C97A84CF3}.AppStore|iPhoneSimulator.ActiveCfg = AppStore|iPhoneSimulator
		{44DA539D-D8B0-4C31-8F3E-731C97A84CF3}.AppStore|iPhoneSimulator.Build.0 = AppStore|iPhoneSimulator
		{44DA539D-D8B0-4C31-8F3E-731C97A84CF3}.AppStore|x64.ActiveCfg = AppStore|iPhone
		{44DA539D-D8B0-4C31-8F3E-731C97A84CF3}.AppStore|x86.ActiveCfg = AppStore|iPhone
		{44DA539D-D8B0-4C31-8F3E-731C97A84CF3}.Debug|Any CPU.ActiveCfg = Debug|iPhoneSimulator
		{44DA539D-D8B0-4C31-8F3E-731C97A84CF3}.Debug|ARM.ActiveCfg = Debug|iPhone
		{44DA539D-D8B0-4C31-8F3E-731C97A84CF3}.Debug|iPhone.ActiveCfg = Debug|iPhone
		{44DA539D-D8B0-4C31-8F3E-731C97A84CF3}.Debug|iPhone.Build.0 = Debug|iPhone
		{44DA539D-D8B0-4C31-8F3E-731C97A84CF3}.Debug|iPhoneSimulator.ActiveCfg = Debug|iPhoneSimulator
		{44DA539D-D8B0-4C31-8F3E-731C97A84CF3}.Debug|iPhoneSimulator.Build.0 = Debug|iPhoneSimulator
		{44DA539D-D8B0-4C31-8F3E-731C97A84CF3}.Debug|x64.ActiveCfg = Debug|iPhone
		{44DA539D-D8B0-4C31-8F3E-731C97A84CF3}.Debug|x86.ActiveCfg = Debug|iPhone
		{44DA539D-D8B0-4C31-8F3E-731C97A84CF3}.Release|Any CPU.ActiveCfg = Release|iPhoneSimulator
		{44DA539D-D8B0-4C31-8F3E-731C97A84CF3}.Release|ARM.ActiveCfg = Release|iPhone
		{44DA539D-D8B0-4C31-8F3E-731C97A84CF3}.Release|iPhone.ActiveCfg = Release|iPhone
		{44DA539D-D8B0-4C31-8F3E-731C97A84CF3}.Release|iPhone.Build.0 = Release|iPhone
		{44DA539D-D8B0-4C31-8F3E-731C97A84CF3}.Release|iPhoneSimulator.ActiveCfg = Release|iPhoneSimulator
		{44DA539D-D8B0-4C31-8F3E-731C97A84CF3}.Release|iPhoneSimulator.Build.0 = Release|iPhoneSimulator
		{44DA539D-D8B0-4C31-8F3E-731C97A84CF3}.Release|x64.ActiveCfg = Release|iPhone
		{44DA539D-D8B0-4C31-8F3E-731C97A84CF3}.Release|x86.ActiveCfg = Release|iPhone
	EndGlobalSection
	GlobalSection(SolutionProperties) = preSolution
		HideSolutionNode = FALSE
	EndGlobalSection
	GlobalSection(ExtensibilityGlobals) = postSolution
		SolutionGuid = {2A64281D-4686-429A-AF90-6C976D47C7D1}
	EndGlobalSection
EndGlobal
